
Microsoft Visual Studio Solution File, Format Version 12.00
# Visual Studio Version 17
VisualStudioVersion = 17.1.32210.238
MinimumVisualStudioVersion = 10.0.40219.1
Project("{FAE04EC0-301F-11D3-BF4B-00C04F79EFBC}") = "3-min_value", "3-min_value\3-min_value.csproj", "{6597E51E-6AC4-4D20-8AFE-059BB7246659}"
EndProject
Global
	GlobalSection(SolutionConfigurationPlatforms) = preSolution
		Debug|Any CPU = Debug|Any CPU
		Release|Any CPU = Release|Any CPU
	EndGlobalSection
	GlobalSection(ProjectConfigurationPlatforms) = postSolution
		{6597E51E-6AC4-4D20-8AFE-059BB7246659}.Debug|Any CPU.ActiveCfg = Debug|Any CPU
		{6597E51E-6AC4-4D20-8AFE-059BB7246659}.Debug|Any CPU.Build.0 = Debug|Any CPU
		{6597E51E-6AC4-4D20-8AFE-059BB7246659}.Release|Any CPU.ActiveCfg = Release|Any CPU
		{6597E51E-6AC4-4D20-8AFE-059BB7246659}.Release|Any CPU.Build.0 = Release|Any CPU
	EndGlobalSection
	GlobalSection(SolutionProperties) = preSolution
		HideSolutionNode = FALSE
	EndGlobalSection
	GlobalSection(ExtensibilityGlobals) = postSolution
		SolutionGuid = {2A7FE0E2-27D1-44DB-808E-000C41B08AD1}
	EndGlobalSection
EndGlobal
