
Microsoft Visual Studio Solution File, Format Version 12.00
# Visual Studio Version 17
VisualStudioVersion = 17.1.32210.238
MinimumVisualStudioVersion = 10.0.40219.1
Project("{FAE04EC0-301F-11D3-BF4B-00C04F79EFBC}") = "8-is_prime_number", "8-is_prime_number\8-is_prime_number.csproj", "{03D6407D-9C33-4B2D-9A87-D41D7748738E}"
EndProject
Global
	GlobalSection(SolutionConfigurationPlatforms) = preSolution
		Debug|Any CPU = Debug|Any CPU
		Release|Any CPU = Release|Any CPU
	EndGlobalSection
	GlobalSection(ProjectConfigurationPlatforms) = postSolution
		{03D6407D-9C33-4B2D-9A87-D41D7748738E}.Debug|Any CPU.ActiveCfg = Debug|Any CPU
		{03D6407D-9C33-4B2D-9A87-D41D7748738E}.Debug|Any CPU.Build.0 = Debug|Any CPU
		{03D6407D-9C33-4B2D-9A87-D41D7748738E}.Release|Any CPU.ActiveCfg = Release|Any CPU
		{03D6407D-9C33-4B2D-9A87-D41D7748738E}.Release|Any CPU.Build.0 = Release|Any CPU
	EndGlobalSection
	GlobalSection(SolutionProperties) = preSolution
		HideSolutionNode = FALSE
	EndGlobalSection
	GlobalSection(ExtensibilityGlobals) = postSolution
		SolutionGuid = {B18ADCED-3CC5-4943-AF4D-50C5DC2C1E5F}
	EndGlobalSection
EndGlobal
