
Microsoft Visual Studio Solution File, Format Version 12.00
# Visual Studio Version 17
VisualStudioVersion = 17.1.32210.238
MinimumVisualStudioVersion = 10.0.40219.1
Project("{FAE04EC0-301F-11D3-BF4B-00C04F79EFBC}") = "2-fuel_average", "2-fuel_average\2-fuel_average.csproj", "{9A1A1E3E-15BF-46A8-AC1C-90DE6F94C6EC}"
EndProject
Global
	GlobalSection(SolutionConfigurationPlatforms) = preSolution
		Debug|Any CPU = Debug|Any CPU
		Release|Any CPU = Release|Any CPU
	EndGlobalSection
	GlobalSection(ProjectConfigurationPlatforms) = postSolution
		{9A1A1E3E-15BF-46A8-AC1C-90DE6F94C6EC}.Debug|Any CPU.ActiveCfg = Debug|Any CPU
		{9A1A1E3E-15BF-46A8-AC1C-90DE6F94C6EC}.Debug|Any CPU.Build.0 = Debug|Any CPU
		{9A1A1E3E-15BF-46A8-AC1C-90DE6F94C6EC}.Release|Any CPU.ActiveCfg = Release|Any CPU
		{9A1A1E3E-15BF-46A8-AC1C-90DE6F94C6EC}.Release|Any CPU.Build.0 = Release|Any CPU
	EndGlobalSection
	GlobalSection(SolutionProperties) = preSolution
		HideSolutionNode = FALSE
	EndGlobalSection
	GlobalSection(ExtensibilityGlobals) = postSolution
		SolutionGuid = {B446B750-74E3-4A30-BCBB-4D3C358DACB2}
	EndGlobalSection
EndGlobal
