
Microsoft Visual Studio Solution File, Format Version 12.00
# Visual Studio Version 17
VisualStudioVersion = 17.1.32210.238
MinimumVisualStudioVersion = 10.0.40219.1
Project("{FAE04EC0-301F-11D3-BF4B-00C04F79EFBC}") = "11-intersection", "11-intersection\11-intersection.csproj", "{FE7E923E-EB4D-4402-BB14-F8DB82371D90}"
EndProject
Global
	GlobalSection(SolutionConfigurationPlatforms) = preSolution
		Debug|Any CPU = Debug|Any CPU
		Release|Any CPU = Release|Any CPU
	EndGlobalSection
	GlobalSection(ProjectConfigurationPlatforms) = postSolution
		{FE7E923E-EB4D-4402-BB14-F8DB82371D90}.Debug|Any CPU.ActiveCfg = Debug|Any CPU
		{FE7E923E-EB4D-4402-BB14-F8DB82371D90}.Debug|Any CPU.Build.0 = Debug|Any CPU
		{FE7E923E-EB4D-4402-BB14-F8DB82371D90}.Release|Any CPU.ActiveCfg = Release|Any CPU
		{FE7E923E-EB4D-4402-BB14-F8DB82371D90}.Release|Any CPU.Build.0 = Release|Any CPU
	EndGlobalSection
	GlobalSection(SolutionProperties) = preSolution
		HideSolutionNode = FALSE
	EndGlobalSection
	GlobalSection(ExtensibilityGlobals) = postSolution
		SolutionGuid = {76F492EA-BFBA-43E8-A235-6CCE90A3E0E4}
	EndGlobalSection
EndGlobal
